
Microsoft Visual Studio Solution File, Format Version 12.00
# Visual Studio 15
VisualStudioVersion = 15.0.28307.329
MinimumVisualStudioVersion = 10.0.40219.1
Project("{9A19103F-16F7-4668-BE54-9A1E7A4F7556}") = "ASFAchievementManager", "ASFAchievementManager\ASFAchievementManager.csproj", "{D0352FDB-487E-488A-9B07-2D4F19425A39}"
EndProject
Project("{9A19103F-16F7-4668-BE54-9A1E7A4F7556}") = "ArchiSteamFarm", "ArchiSteamFarm\ArchiSteamFarm\ArchiSteamFarm.csproj", "{930573F9-3DA0-41E8-8E4E-C0476BA8F99C}"
EndProject
Global
	GlobalSection(SolutionConfigurationPlatforms) = preSolution
		Debug|Any CPU = Debug|Any CPU
		Release|Any CPU = Release|Any CPU
	EndGlobalSection
	GlobalSection(ProjectConfigurationPlatforms) = postSolution
		{D0352FDB-487E-488A-9B07-2D4F19425A39}.Debug|Any CPU.ActiveCfg = Debug|Any CPU
		{D0352FDB-487E-488A-9B07-2D4F19425A39}.Debug|Any CPU.Build.0 = Debug|Any CPU
		{D0352FDB-487E-488A-9B07-2D4F19425A39}.Release|Any CPU.ActiveCfg = Release|Any CPU
		{D0352FDB-487E-488A-9B07-2D4F19425A39}.Release|Any CPU.Build.0 = Release|Any CPU
		{930573F9-3DA0-41E8-8E4E-C0476BA8F99C}.Debug|Any CPU.ActiveCfg = Debug|Any CPU
		{930573F9-3DA0-41E8-8E4E-C0476BA8F99C}.Debug|Any CPU.Build.0 = Debug|Any CPU
		{930573F9-3DA0-41E8-8E4E-C0476BA8F99C}.Release|Any CPU.ActiveCfg = Release|Any CPU
		{930573F9-3DA0-41E8-8E4E-C0476BA8F99C}.Release|Any CPU.Build.0 = Release|Any CPU
	EndGlobalSection
	GlobalSection(SolutionProperties) = preSolution
		HideSolutionNode = FALSE
	EndGlobalSection
	GlobalSection(ExtensibilityGlobals) = postSolution
		SolutionGuid = {70D1C70D-BB39-4CB7-A050-F26B57CE3721}
	EndGlobalSection
EndGlobal
